gpg: C:\\Users\\ryder\\OneDrive\\Documents\\git\\arch_guides_all_versions\\arch-guides-dynamic\\.keys\\trustdb.gpg: trustdb created
gpg: directory 'C:\\Users\\ryder\\OneDrive\\Documents\\git\\arch_guides_all_versions\\arch-guides-dynamic\\.keys\\openpgp-revocs.d' created
gpg: revocation certificate stored as 'C:\\Users\\ryder\\OneDrive\\Documents\\git\\arch_guides_all_versions\\arch-guides-dynamic\\.keys\\openpgp-revocs.d\\4C0383A168D0EA1DD6F1ACB5A13118E03A7D55A0.rev'
